{
  "originHash" : "c30e45ad85b174aa14238a08f728e4f00d6cb59178408411b76363c40ff7ee6d",
  "pins" : [
    {
      "identity" : "alamofire",
      "kind" : "remoteSourceControl",
      "location" : "https://github.com/Alamofire/Alamofire.git",
      "state" : {
        "revision" : "513364f870f6bfc468f9d2ff0a95caccc10044c5",
        "version" : "5.10.2"
      }
    },
    {
      "identity" : "swiftsvg",
      "kind" : "remoteSourceControl",
      "location" : "https://github.com/mchoe/SwiftSVG",
      "state" : {
        "branch" : "master",
        "revision" : "88b9ee086b29019e35f6f49c8e30e5552eb8fa9d"
      }
    }
  ],
  "version" : 3
}
